
Microsoft Visual Studio Solution File, Format Version 12.00
# Visual Studio Version 17
VisualStudioVersion = 17.2.32505.173
MinimumVisualStudioVersion = 10.0.40219.1
Project("{FAE04EC0-301F-11D3-BF4B-00C04F79EFBC}") = "ConsoleApplication", "ConsoleApplication\ConsoleApplication.csproj", "{AF143FD3-F1F3-4F19-B42A-320DB6A32A08}"
EndProject
Project("{FAE04EC0-301F-11D3-BF4B-00C04F79EFBC}") = "ConsoleAppClassLibrary", "ConsoleAppClassLibrary\ConsoleAppClassLibrary.csproj", "{7A1F9E00-692A-4139-BE11-98ACFD22452A}"
EndProject
Global
	GlobalSection(SolutionConfigurationPlatforms) = preSolution
		Debug|Any CPU = Debug|Any CPU
		Release|Any CPU = Release|Any CPU
	EndGlobalSection
	GlobalSection(ProjectConfigurationPlatforms) = postSolution
		{AF143FD3-F1F3-4F19-B42A-320DB6A32A08}.Debug|Any CPU.ActiveCfg = Debug|Any CPU
		{AF143FD3-F1F3-4F19-B42A-320DB6A32A08}.Debug|Any CPU.Build.0 = Debug|Any CPU
		{AF143FD3-F1F3-4F19-B42A-320DB6A32A08}.Release|Any CPU.ActiveCfg = Release|Any CPU
		{AF143FD3-F1F3-4F19-B42A-320DB6A32A08}.Release|Any CPU.Build.0 = Release|Any CPU
		{7A1F9E00-692A-4139-BE11-98ACFD22452A}.Debug|Any CPU.ActiveCfg = Debug|Any CPU
		{7A1F9E00-692A-4139-BE11-98ACFD22452A}.Debug|Any CPU.Build.0 = Debug|Any CPU
		{7A1F9E00-692A-4139-BE11-98ACFD22452A}.Release|Any CPU.ActiveCfg = Release|Any CPU
		{7A1F9E00-692A-4139-BE11-98ACFD22452A}.Release|Any CPU.Build.0 = Release|Any CPU
	EndGlobalSection
	GlobalSection(SolutionProperties) = preSolution
		HideSolutionNode = FALSE
	EndGlobalSection
	GlobalSection(ExtensibilityGlobals) = postSolution
		SolutionGuid = {D582ECE4-A9A7-4047-AC69-1962DD60FC3B}
	EndGlobalSection
EndGlobal
